
Microsoft Visual Studio Solution File, Format Version 12.00
# Visual Studio Version 17
VisualStudioVersion = 17.13.35825.156
MinimumVisualStudioVersion = 10.0.40219.1
Project("{8BC9CEB8-8B4A-11D0-8D11-00A0C91BC942}") = "IMSCon", "IMSCon\IMSCon.vcxproj", "{F696F34E-44D5-4DB2-958E-7EED36310656}"
EndProject
Project("{8BC9CEB8-8B4A-11D0-8D11-00A0C91BC942}") = "LibOPL", "LibOPL\LibOPL.vcxproj", "{31DE917D-D0F6-427F-8892-FF8FF27FA486}"
EndProject
Project("{8BC9CEB8-8B4A-11D0-8D11-00A0C91BC942}") = "LibIMS", "LibIMS\LibIMS.vcxproj", "{FABA2ED2-E5DC-4F63-8A20-AB9C3791B5FA}"
	ProjectSection(ProjectDependencies) = postProject
		{31DE917D-D0F6-427F-8892-FF8FF27FA486} = {31DE917D-D0F6-427F-8892-FF8FF27FA486}
	EndProjectSection
EndProject
Global
	GlobalSection(SolutionConfigurationPlatforms) = preSolution
		Debug|x64 = Debug|x64
		Debug|x86 = Debug|x86
		Release|x64 = Release|x64
		Release|x86 = Release|x86
	EndGlobalSection
	GlobalSection(ProjectConfigurationPlatforms) = postSolution
		{F696F34E-44D5-4DB2-958E-7EED36310656}.Debug|x64.ActiveCfg = Debug|x64
		{F696F34E-44D5-4DB2-958E-7EED36310656}.Debug|x64.Build.0 = Debug|x64
		{F696F34E-44D5-4DB2-958E-7EED36310656}.Debug|x86.ActiveCfg = Debug|Win32
		{F696F34E-44D5-4DB2-958E-7EED36310656}.Debug|x86.Build.0 = Debug|Win32
		{F696F34E-44D5-4DB2-958E-7EED36310656}.Release|x64.ActiveCfg = Release|x64
		{F696F34E-44D5-4DB2-958E-7EED36310656}.Release|x64.Build.0 = Release|x64
		{F696F34E-44D5-4DB2-958E-7EED36310656}.Release|x86.ActiveCfg = Release|Win32
		{F696F34E-44D5-4DB2-958E-7EED36310656}.Release|x86.Build.0 = Release|Win32
		{31DE917D-D0F6-427F-8892-FF8FF27FA486}.Debug|x64.ActiveCfg = Debug|x64
		{31DE917D-D0F6-427F-8892-FF8FF27FA486}.Debug|x64.Build.0 = Debug|x64
		{31DE917D-D0F6-427F-8892-FF8FF27FA486}.Debug|x86.ActiveCfg = Debug|Win32
		{31DE917D-D0F6-427F-8892-FF8FF27FA486}.Debug|x86.Build.0 = Debug|Win32
		{31DE917D-D0F6-427F-8892-FF8FF27FA486}.Release|x64.ActiveCfg = Release|x64
		{31DE917D-D0F6-427F-8892-FF8FF27FA486}.Release|x64.Build.0 = Release|x64
		{31DE917D-D0F6-427F-8892-FF8FF27FA486}.Release|x86.ActiveCfg = Release|Win32
		{31DE917D-D0F6-427F-8892-FF8FF27FA486}.Release|x86.Build.0 = Release|Win32
		{FABA2ED2-E5DC-4F63-8A20-AB9C3791B5FA}.Debug|x64.ActiveCfg = Debug|x64
		{FABA2ED2-E5DC-4F63-8A20-AB9C3791B5FA}.Debug|x64.Build.0 = Debug|x64
		{FABA2ED2-E5DC-4F63-8A20-AB9C3791B5FA}.Debug|x86.ActiveCfg = Debug|Win32
		{FABA2ED2-E5DC-4F63-8A20-AB9C3791B5FA}.Debug|x86.Build.0 = Debug|Win32
		{FABA2ED2-E5DC-4F63-8A20-AB9C3791B5FA}.Release|x64.ActiveCfg = Release|x64
		{FABA2ED2-E5DC-4F63-8A20-AB9C3791B5FA}.Release|x64.Build.0 = Release|x64
		{FABA2ED2-E5DC-4F63-8A20-AB9C3791B5FA}.Release|x86.ActiveCfg = Release|Win32
		{FABA2ED2-E5DC-4F63-8A20-AB9C3791B5FA}.Release|x86.Build.0 = Release|Win32
	EndGlobalSection
	GlobalSection(SolutionProperties) = preSolution
		HideSolutionNode = FALSE
	EndGlobalSection
	GlobalSection(ExtensibilityGlobals) = postSolution
		SolutionGuid = {148D4736-88EB-4882-B975-860170D33F91}
	EndGlobalSection
EndGlobal
